
Microsoft Visual Studio Solution File, Format Version 12.00
# Visual Studio Version 16
VisualStudioVersion = 16.0.30114.105
MinimumVisualStudioVersion = 10.0.40219.1
Project("{2150E333-8FDC-42A3-9474-1A3956D46DE8}") = "src", "src", "{6CA9217B-870E-419F-A6C4-5606FAA21D3C}"
EndProject
Project("{FAE04EC0-301F-11D3-BF4B-00C04F79EFBC}") = "EventDriven.Api", "src\EventDriven.Api\EventDriven.Api.csproj", "{A576A74F-58FE-45D4-A7EF-27CAE5DD9144}"
EndProject
Global
	GlobalSection(SolutionConfigurationPlatforms) = preSolution
		Debug|Any CPU = Debug|Any CPU
		Debug|x64 = Debug|x64
		Debug|x86 = Debug|x86
		Release|Any CPU = Release|Any CPU
		Release|x64 = Release|x64
		Release|x86 = Release|x86
	EndGlobalSection
	GlobalSection(SolutionProperties) = preSolution
		HideSolutionNode = FALSE
	EndGlobalSection
	GlobalSection(ProjectConfigurationPlatforms) = postSolution
		{A576A74F-58FE-45D4-A7EF-27CAE5DD9144}.Debug|Any CPU.ActiveCfg = Debug|Any CPU
		{A576A74F-58FE-45D4-A7EF-27CAE5DD9144}.Debug|Any CPU.Build.0 = Debug|Any CPU
		{A576A74F-58FE-45D4-A7EF-27CAE5DD9144}.Debug|x64.ActiveCfg = Debug|Any CPU
		{A576A74F-58FE-45D4-A7EF-27CAE5DD9144}.Debug|x64.Build.0 = Debug|Any CPU
		{A576A74F-58FE-45D4-A7EF-27CAE5DD9144}.Debug|x86.ActiveCfg = Debug|Any CPU
		{A576A74F-58FE-45D4-A7EF-27CAE5DD9144}.Debug|x86.Build.0 = Debug|Any CPU
		{A576A74F-58FE-45D4-A7EF-27CAE5DD9144}.Release|Any CPU.ActiveCfg = Release|Any CPU
		{A576A74F-58FE-45D4-A7EF-27CAE5DD9144}.Release|Any CPU.Build.0 = Release|Any CPU
		{A576A74F-58FE-45D4-A7EF-27CAE5DD9144}.Release|x64.ActiveCfg = Release|Any CPU
		{A576A74F-58FE-45D4-A7EF-27CAE5DD9144}.Release|x64.Build.0 = Release|Any CPU
		{A576A74F-58FE-45D4-A7EF-27CAE5DD9144}.Release|x86.ActiveCfg = Release|Any CPU
		{A576A74F-58FE-45D4-A7EF-27CAE5DD9144}.Release|x86.Build.0 = Release|Any CPU
	EndGlobalSection
	GlobalSection(NestedProjects) = preSolution
		{A576A74F-58FE-45D4-A7EF-27CAE5DD9144} = {6CA9217B-870E-419F-A6C4-5606FAA21D3C}
	EndGlobalSection
EndGlobal
